
Microsoft Visual Studio Solution File, Format Version 12.00
# Visual Studio 15
VisualStudioVersion = 15.0.27703.2035
MinimumVisualStudioVersion = 10.0.40219.1
Project("{FAE04EC0-301F-11D3-BF4B-00C04F79EFBC}") = "XFAnimationsApp.Android", "XFAnimationsApp\XFAnimationsApp.Android\XFAnimationsApp.Android.csproj", "{5F86F3DE-976F-4F2B-BDD5-AE55F8A5A891}"
EndProject
Project("{FAE04EC0-301F-11D3-BF4B-00C04F79EFBC}") = "XFAnimationsApp.iOS", "XFAnimationsApp\XFAnimationsApp.iOS\XFAnimationsApp.iOS.csproj", "{E2788CF1-F4A4-4F0B-8524-97D054667227}"
EndProject
Project("{FAE04EC0-301F-11D3-BF4B-00C04F79EFBC}") = "XFAnimationsApp.UWP", "XFAnimationsApp\XFAnimationsApp.UWP\XFAnimationsApp.UWP.csproj", "{4E72D6D5-B080-42EC-A8A7-9B67A531611C}"
EndProject
Project("{FAE04EC0-301F-11D3-BF4B-00C04F79EFBC}") = "XFAnimationsApp", "XFAnimationsApp\XFAnimationsApp\XFAnimationsApp.csproj", "{4FFF1064-5B70-436F-95EB-58136635C8E8}"
EndProject
Global
	GlobalSection(SolutionConfigurationPlatforms) = preSolution
		Ad-Hoc|Any CPU = Ad-Hoc|Any CPU
		Ad-Hoc|ARM = Ad-Hoc|ARM
		Ad-Hoc|iPhone = Ad-Hoc|iPhone
		Ad-Hoc|iPhoneSimulator = Ad-Hoc|iPhoneSimulator
		Ad-Hoc|x64 = Ad-Hoc|x64
		Ad-Hoc|x86 = Ad-Hoc|x86
		AppStore|Any CPU = AppStore|Any CPU
		AppStore|ARM = AppStore|ARM
		AppStore|iPhone = AppStore|iPhone
		AppStore|iPhoneSimulator = AppStore|iPhoneSimulator
		AppStore|x64 = AppStore|x64
		AppStore|x86 = AppStore|x86
		Debug|Any CPU = Debug|Any CPU
		Debug|ARM = Debug|ARM
		Debug|iPhone = Debug|iPhone
		Debug|iPhoneSimulator = Debug|iPhoneSimulator
		Debug|x64 = Debug|x64
		Debug|x86 = Debug|x86
		Release|Any CPU = Release|Any CPU
		Release|ARM = Release|ARM
		Release|iPhone = Release|iPhone
		Release|iPhoneSimulator = Release|iPhoneSimulator
		Release|x64 = Release|x64
		Release|x86 = Release|x86
	EndGlobalSection
	GlobalSection(ProjectConfigurationPlatforms) = postSolution
		{5F86F3DE-976F-4F2B-BDD5-AE55F8A5A891}.Ad-Hoc|Any CPU.ActiveCfg = Release|Any CPU
		{5F86F3DE-976F-4F2B-BDD5-AE55F8A5A891}.Ad-Hoc|Any CPU.Build.0 = Release|Any CPU
		{5F86F3DE-976F-4F2B-BDD5-AE55F8A5A891}.Ad-Hoc|Any CPU.Deploy.0 = Release|Any CPU
		{5F86F3DE-976F-4F2B-BDD5-AE55F8A5A891}.Ad-Hoc|ARM.ActiveCfg = Release|Any CPU
		{5F86F3DE-976F-4F2B-BDD5-AE55F8A5A891}.Ad-Hoc|ARM.Build.0 = Release|Any CPU
		{5F86F3DE-976F-4F2B-BDD5-AE55F8A5A891}.Ad-Hoc|ARM.Deploy.0 = Release|Any CPU
		{5F86F3DE-976F-4F2B-BDD5-AE55F8A5A891}.Ad-Hoc|iPhone.ActiveCfg = Release|Any CPU
		{5F86F3DE-976F-4F2B-BDD5-AE55F8A5A891}.Ad-Hoc|iPhone.Build.0 = Release|Any CPU
		{5F86F3DE-976F-4F2B-BDD5-AE55F8A5A891}.Ad-Hoc|iPhone.Deploy.0 = Release|Any CPU
		{5F86F3DE-976F-4F2B-BDD5-AE55F8A5A891}.Ad-Hoc|iPhoneSimulator.ActiveCfg = Release|Any CPU
		{5F86F3DE-976F-4F2B-BDD5-AE55F8A5A891}.Ad-Hoc|iPhoneSimulator.Build.0 = Release|Any CPU
		{5F86F3DE-976F-4F2B-BDD5-AE55F8A5A891}.Ad-Hoc|iPhoneSimulator.Deploy.0 = Release|Any CPU
		{5F86F3DE-976F-4F2B-BDD5-AE55F8A5A891}.Ad-Hoc|x64.ActiveCfg = Release|Any CPU
		{5F86F3DE-976F-4F2B-BDD5-AE55F8A5A891}.Ad-Hoc|x64.Build.0 = Release|Any CPU
		{5F86F3DE-976F-4F2B-BDD5-AE55F8A5A891}.Ad-Hoc|x64.Deploy.0 = Release|Any CPU
		{5F86F3DE-976F-4F2B-BDD5-AE55F8A5A891}.Ad-Hoc|x86.ActiveCfg = Release|Any CPU
		{5F86F3DE-976F-4F2B-BDD5-AE55F8A5A891}.Ad-Hoc|x86.Build.0 = Release|Any CPU
		{5F86F3DE-976F-4F2B-BDD5-AE55F8A5A891}.Ad-Hoc|x86.Deploy.0 = Release|Any CPU
		{5F86F3DE-976F-4F2B-BDD5-AE55F8A5A891}.AppStore|Any CPU.ActiveCfg = Release|Any CPU
		{5F86F3DE-976F-4F2B-BDD5-AE55F8A5A891}.AppStore|Any CPU.Build.0 = Release|Any CPU
		{5F86F3DE-976F-4F2B-BDD5-AE55F8A5A891}.AppStore|Any CPU.Deploy.0 = Release|Any CPU
		{5F86F3DE-976F-4F2B-BDD5-AE55F8A5A891}.AppStore|ARM.ActiveCfg = Release|Any CPU
		{5F86F3DE-976F-4F2B-BDD5-AE55F8A5A891}.AppStore|ARM.Build.0 = Release|Any CPU
		{5F86F3DE-976F-4F2B-BDD5-AE55F8A5A891}.AppStore|ARM.Deploy.0 = Release|Any CPU
		{5F86F3DE-976F-4F2B-BDD5-AE55F8A5A891}.AppStore|iPhone.ActiveCfg = Release|Any CPU
		{5F86F3DE-976F-4F2B-BDD5-AE55F8A5A891}.AppStore|iPhone.Build.0 = Release|Any CPU
		{5F86F3DE-976F-4F2B-BDD5-AE55F8A5A891}.AppStore|iPhone.Deploy.0 = Release|Any CPU
		{5F86F3DE-976F-4F2B-BDD5-AE55F8A5A891}.AppStore|iPhoneSimulator.ActiveCfg = Release|Any CPU
		{5F86F3DE-976F-4F2B-BDD5-AE55F8A5A891}.AppStore|iPhoneSimulator.Build.0 = Release|Any CPU
		{5F86F3DE-976F-4F2B-BDD5-AE55F8A5A891}.AppStore|iPhoneSimulator.Deploy.0 = Release|Any CPU
		{5F86F3DE-976F-4F2B-BDD5-AE55F8A5A891}.AppStore|x64.ActiveCfg = Release|Any CPU
		{5F86F3DE-976F-4F2B-BDD5-AE55F8A5A891}.AppStore|x64.Build.0 = Release|Any CPU
		{5F86F3DE-976F-4F2B-BDD5-AE55F8A5A891}.AppStore|x64.Deploy.0 = Release|Any CPU
		{5F86F3DE-976F-4F2B-BDD5-AE55F8A5A891}.AppStore|x86.ActiveCfg = Release|Any CPU
		{5F86F3DE-976F-4F2B-BDD5-AE55F8A5A891}.AppStore|x86.Build.0 = Release|Any CPU
		{5F86F3DE-976F-4F2B-BDD5-AE55F8A5A891}.AppStore|x86.Deploy.0 = Release|Any CPU
		{5F86F3DE-976F-4F2B-BDD5-AE55F8A5A891}.Debug|Any CPU.ActiveCfg = Debug|Any CPU
		{5F86F3DE-976F-4F2B-BDD5-AE55F8A5A891}.Debug|Any CPU.Build.0 = Debug|Any CPU
		{5F86F3DE-976F-4F2B-BDD5-AE55F8A5A891}.Debug|Any CPU.Deploy.0 = Debug|Any CPU
		{5F86F3DE-976F-4F2B-BDD5-AE55F8A5A891}.Debug|ARM.ActiveCfg = Debug|Any CPU
		{5F86F3DE-976F-4F2B-BDD5-AE55F8A5A891}.Debug|ARM.Build.0 = Debug|Any CPU
		{5F86F3DE-976F-4F2B-BDD5-AE55F8A5A891}.Debug|ARM.Deploy.0 = Debug|Any CPU
		{5F86F3DE-976F-4F2B-BDD5-AE55F8A5A891}.Debug|iPhone.ActiveCfg = Debug|Any CPU
		{5F86F3DE-976F-4F2B-BDD5-AE55F8A5A891}.Debug|iPhone.Build.0 = Debug|Any CPU
		{5F86F3DE-976F-4F2B-BDD5-AE55F8A5A891}.Debug|iPhone.Deploy.0 = Debug|Any CPU
		{5F86F3DE-976F-4F2B-BDD5-AE55F8A5A891}.Debug|iPhoneSimulator.ActiveCfg = Debug|Any CPU
		{5F86F3DE-976F-4F2B-BDD5-AE55F8A5A891}.Debug|iPhoneSimulator.Build.0 = Debug|Any CPU
		{5F86F3DE-976F-4F2B-BDD5-AE55F8A5A891}.Debug|iPhoneSimulator.Deploy.0 = Debug|Any CPU
		{5F86F3DE-976F-4F2B-BDD5-AE55F8A5A891}.Debug|x64.ActiveCfg = Debug|Any CPU
		{5F86F3DE-976F-4F2B-BDD5-AE55F8A5A891}.Debug|x64.Build.0 = Debug|Any CPU
		{5F86F3DE-976F-4F2B-BDD5-AE55F8A5A891}.Debug|x64.Deploy.0 = Debug|Any CPU
		{5F86F3DE-976F-4F2B-BDD5-AE55F8A5A891}.Debug|x86.ActiveCfg = Debug|Any CPU
		{5F86F3DE-976F-4F2B-BDD5-AE55F8A5A891}.Debug|x86.Build.0 = Debug|Any CPU
		{5F86F3DE-976F-4F2B-BDD5-AE55F8A5A891}.Debug|x86.Deploy.0 = Debug|Any CPU
		{5F86F3DE-976F-4F2B-BDD5-AE55F8A5A891}.Release|Any CPU.ActiveCfg = Release|Any CPU
		{5F86F3DE-976F-4F2B-BDD5-AE55F8A5A891}.Release|Any CPU.Build.0 = Release|Any CPU
		{5F86F3DE-976F-4F2B-BDD5-AE55F8A5A891}.Release|Any CPU.Deploy.0 = Release|Any CPU
		{5F86F3DE-976F-4F2B-BDD5-AE55F8A5A891}.Release|ARM.ActiveCfg = Release|Any CPU
		{5F86F3DE-976F-4F2B-BDD5-AE55F8A5A891}.Release|ARM.Build.0 = Release|Any CPU
		{5F86F3DE-976F-4F2B-BDD5-AE55F8A5A891}.Release|ARM.Deploy.0 = Release|Any CPU
		{5F86F3DE-976F-4F2B-BDD5-AE55F8A5A891}.Release|iPhone.ActiveCfg = Release|Any CPU
		{5F86F3DE-976F-4F2B-BDD5-AE55F8A5A891}.Release|iPhone.Build.0 = Release|Any CPU
		{5F86F3DE-976F-4F2B-BDD5-AE55F8A5A891}.Release|iPhone.Deploy.0 = Release|Any CPU
		{5F86F3DE-976F-4F2B-BDD5-AE55F8A5A891}.Release|iPhoneSimulator.ActiveCfg = Release|Any CPU
		{5F86F3DE-976F-4F2B-BDD5-AE55F8A5A891}.Release|iPhoneSimulator.Build.0 = Release|Any CPU
		{5F86F3DE-976F-4F2B-BDD5-AE55F8A5A891}.Release|iPhoneSimulator.Deploy.0 = Release|Any CPU
		{5F86F3DE-976F-4F2B-BDD5-AE55F8A5A891}.Release|x64.ActiveCfg = Release|Any CPU
		{5F86F3DE-976F-4F2B-BDD5-AE55F8A5A891}.Release|x64.Build.0 = Release|Any CPU
		{5F86F3DE-976F-4F2B-BDD5-AE55F8A5A891}.Release|x64.Deploy.0 = Release|Any CPU
		{5F86F3DE-976F-4F2B-BDD5-AE55F8A5A891}.Release|x86.ActiveCfg = Release|Any CPU
		{5F86F3DE-976F-4F2B-BDD5-AE55F8A5A891}.Release|x86.Build.0 = Release|Any CPU
		{5F86F3DE-976F-4F2B-BDD5-AE55F8A5A891}.Release|x86.Deploy.0 = Release|Any CPU
		{E2788CF1-F4A4-4F0B-8524-97D054667227}.Ad-Hoc|Any CPU.ActiveCfg = Ad-Hoc|iPhone
		{E2788CF1-F4A4-4F0B-8524-97D054667227}.Ad-Hoc|Any CPU.Build.0 = Ad-Hoc|iPhone
		{E2788CF1-F4A4-4F0B-8524-97D054667227}.Ad-Hoc|Any CPU.Deploy.0 = Ad-Hoc|iPhone
		{E2788CF1-F4A4-4F0B-8524-97D054667227}.Ad-Hoc|ARM.ActiveCfg = Ad-Hoc|iPhone
		{E2788CF1-F4A4-4F0B-8524-97D054667227}.Ad-Hoc|ARM.Build.0 = Ad-Hoc|iPhone
		{E2788CF1-F4A4-4F0B-8524-97D054667227}.Ad-Hoc|ARM.Deploy.0 = Ad-Hoc|iPhone
		{E2788CF1-F4A4-4F0B-8524-97D054667227}.Ad-Hoc|iPhone.ActiveCfg = Ad-Hoc|iPhone
		{E2788CF1-F4A4-4F0B-8524-97D054667227}.Ad-Hoc|iPhone.Build.0 = Ad-Hoc|iPhone
		{E2788CF1-F4A4-4F0B-8524-97D054667227}.Ad-Hoc|iPhone.Deploy.0 = Ad-Hoc|iPhone
		{E2788CF1-F4A4-4F0B-8524-97D054667227}.Ad-Hoc|iPhoneSimulator.ActiveCfg = Ad-Hoc|iPhoneSimulator
		{E2788CF1-F4A4-4F0B-8524-97D054667227}.Ad-Hoc|iPhoneSimulator.Build.0 = Ad-Hoc|iPhoneSimulator
		{E2788CF1-F4A4-4F0B-8524-97D054667227}.Ad-Hoc|iPhoneSimulator.Deploy.0 = Ad-Hoc|iPhoneSimulator
		{E2788CF1-F4A4-4F0B-8524-97D054667227}.Ad-Hoc|x64.ActiveCfg = Ad-Hoc|iPhone
		{E2788CF1-F4A4-4F0B-8524-97D054667227}.Ad-Hoc|x64.Build.0 = Ad-Hoc|iPhone
		{E2788CF1-F4A4-4F0B-8524-97D054667227}.Ad-Hoc|x64.Deploy.0 = Ad-Hoc|iPhone
		{E2788CF1-F4A4-4F0B-8524-97D054667227}.Ad-Hoc|x86.ActiveCfg = Ad-Hoc|iPhone
		{E2788CF1-F4A4-4F0B-8524-97D054667227}.Ad-Hoc|x86.Build.0 = Ad-Hoc|iPhone
		{E2788CF1-F4A4-4F0B-8524-97D054667227}.Ad-Hoc|x86.Deploy.0 = Ad-Hoc|iPhone
		{E2788CF1-F4A4-4F0B-8524-97D054667227}.AppStore|Any CPU.ActiveCfg = AppStore|iPhone
		{E2788CF1-F4A4-4F0B-8524-97D054667227}.AppStore|Any CPU.Build.0 = AppStore|iPhone
		{E2788CF1-F4A4-4F0B-8524-97D054667227}.AppStore|Any CPU.Deploy.0 = AppStore|iPhone
		{E2788CF1-F4A4-4F0B-8524-97D054667227}.AppStore|ARM.ActiveCfg = AppStore|iPhone
		{E2788CF1-F4A4-4F0B-8524-97D054667227}.AppStore|ARM.Build.0 = AppStore|iPhone
		{E2788CF1-F4A4-4F0B-8524-97D054667227}.AppStore|ARM.Deploy.0 = AppStore|iPhone
		{E2788CF1-F4A4-4F0B-8524-97D054667227}.AppStore|iPhone.ActiveCfg = AppStore|iPhone
		{E2788CF1-F4A4-4F0B-8524-97D054667227}.AppStore|iPhone.Build.0 = AppStore|iPhone
		{E2788CF1-F4A4-4F0B-8524-97D054667227}.AppStore|iPhone.Deploy.0 = AppStore|iPhone
		{E2788CF1-F4A4-4F0B-8524-97D054667227}.AppStore|iPhoneSimulator.ActiveCfg = AppStore|iPhoneSimulator
		{E2788CF1-F4A4-4F0B-8524-97D054667227}.AppStore|iPhoneSimulator.Build.0 = AppStore|iPhoneSimulator
		{E2788CF1-F4A4-4F0B-8524-97D054667227}.AppStore|iPhoneSimulator.Deploy.0 = AppStore|iPhoneSimulator
		{E2788CF1-F4A4-4F0B-8524-97D054667227}.AppStore|x64.ActiveCfg = AppStore|iPhone
		{E2788CF1-F4A4-4F0B-8524-97D054667227}.AppStore|x64.Build.0 = AppStore|iPhone
		{E2788CF1-F4A4-4F0B-8524-97D054667227}.AppStore|x64.Deploy.0 = AppStore|iPhone
		{E2788CF1-F4A4-4F0B-8524-97D054667227}.AppStore|x86.ActiveCfg = AppStore|iPhone
		{E2788CF1-F4A4-4F0B-8524-97D054667227}.AppStore|x86.Build.0 = AppStore|iPhone
		{E2788CF1-F4A4-4F0B-8524-97D054667227}.AppStore|x86.Deploy.0 = AppStore|iPhone
		{E2788CF1-F4A4-4F0B-8524-97D054667227}.Debug|Any CPU.ActiveCfg = Debug|iPhoneSimulator
		{E2788CF1-F4A4-4F0B-8524-97D054667227}.Debug|Any CPU.Build.0 = Debug|iPhoneSimulator
		{E2788CF1-F4A4-4F0B-8524-97D054667227}.Debug|Any CPU.Deploy.0 = Debug|iPhoneSimulator
		{E2788CF1-F4A4-4F0B-8524-97D054667227}.Debug|ARM.ActiveCfg = Debug|iPhone
		{E2788CF1-F4A4-4F0B-8524-97D054667227}.Debug|ARM.Build.0 = Debug|iPhone
		{E2788CF1-F4A4-4F0B-8524-97D054667227}.Debug|ARM.Deploy.0 = Debug|iPhone
		{E2788CF1-F4A4-4F0B-8524-97D054667227}.Debug|iPhone.ActiveCfg = Debug|iPhone
		{E2788CF1-F4A4-4F0B-8524-97D054667227}.Debug|iPhone.Build.0 = Debug|iPhone
		{E2788CF1-F4A4-4F0B-8524-97D054667227}.Debug|iPhone.Deploy.0 = Debug|iPhone
		{E2788CF1-F4A4-4F0B-8524-97D054667227}.Debug|iPhoneSimulator.ActiveCfg = Debug|iPhoneSimulator
		{E2788CF1-F4A4-4F0B-8524-97D054667227}.Debug|iPhoneSimulator.Build.0 = Debug|iPhoneSimulator
		{E2788CF1-F4A4-4F0B-8524-97D054667227}.Debug|iPhoneSimulator.Deploy.0 = Debug|iPhoneSimulator
		{E2788CF1-F4A4-4F0B-8524-97D054667227}.Debug|x64.ActiveCfg = Debug|iPhone
		{E2788CF1-F4A4-4F0B-8524-97D054667227}.Debug|x64.Build.0 = Debug|iPhone
		{E2788CF1-F4A4-4F0B-8524-97D054667227}.Debug|x64.Deploy.0 = Debug|iPhone
		{E2788CF1-F4A4-4F0B-8524-97D054667227}.Debug|x86.ActiveCfg = Debug|iPhone
		{E2788CF1-F4A4-4F0B-8524-97D054667227}.Debug|x86.Build.0 = Debug|iPhone
		{E2788CF1-F4A4-4F0B-8524-97D054667227}.Debug|x86.Deploy.0 = Debug|iPhone
		{E2788CF1-F4A4-4F0B-8524-97D054667227}.Release|Any CPU.ActiveCfg = Release|iPhone
		{E2788CF1-F4A4-4F0B-8524-97D054667227}.Release|Any CPU.Build.0 = Release|iPhone
		{E2788CF1-F4A4-4F0B-8524-97D054667227}.Release|Any CPU.Deploy.0 = Release|iPhone
		{E2788CF1-F4A4-4F0B-8524-97D054667227}.Release|ARM.ActiveCfg = Release|iPhone
		{E2788CF1-F4A4-4F0B-8524-97D054667227}.Release|ARM.Build.0 = Release|iPhone
		{E2788CF1-F4A4-4F0B-8524-97D054667227}.Release|ARM.Deploy.0 = Release|iPhone
		{E2788CF1-F4A4-4F0B-8524-97D054667227}.Release|iPhone.ActiveCfg = Release|iPhone
		{E2788CF1-F4A4-4F0B-8524-97D054667227}.Release|iPhone.Build.0 = Release|iPhone
		{E2788CF1-F4A4-4F0B-8524-97D054667227}.Release|iPhone.Deploy.0 = Release|iPhone
		{E2788CF1-F4A4-4F0B-8524-97D054667227}.Release|iPhoneSimulator.ActiveCfg = Release|iPhoneSimulator
		{E2788CF1-F4A4-4F0B-8524-97D054667227}.Release|iPhoneSimulator.Build.0 = Release|iPhoneSimulator
		{E2788CF1-F4A4-4F0B-8524-97D054667227}.Release|iPhoneSimulator.Deploy.0 = Release|iPhoneSimulator
		{E2788CF1-F4A4-4F0B-8524-97D054667227}.Release|x64.ActiveCfg = Release|iPhone
		{E2788CF1-F4A4-4F0B-8524-97D054667227}.Release|x64.Build.0 = Release|iPhone
		{E2788CF1-F4A4-4F0B-8524-97D054667227}.Release|x64.Deploy.0 = Release|iPhone
		{E2788CF1-F4A4-4F0B-8524-97D054667227}.Release|x86.ActiveCfg = Release|iPhone
		{E2788CF1-F4A4-4F0B-8524-97D054667227}.Release|x86.Build.0 = Release|iPhone
		{E2788CF1-F4A4-4F0B-8524-97D054667227}.Release|x86.Deploy.0 = Release|iPhone
		{4E72D6D5-B080-42EC-A8A7-9B67A531611C}.Ad-Hoc|Any CPU.ActiveCfg = Release|x86
		{4E72D6D5-B080-42EC-A8A7-9B67A531611C}.Ad-Hoc|Any CPU.Build.0 = Release|x86
		{4E72D6D5-B080-42EC-A8A7-9B67A531611C}.Ad-Hoc|Any CPU.Deploy.0 = Release|x86
		{4E72D6D5-B080-42EC-A8A7-9B67A531611C}.Ad-Hoc|ARM.ActiveCfg = Release|ARM
		{4E72D6D5-B080-42EC-A8A7-9B67A531611C}.Ad-Hoc|ARM.Build.0 = Release|ARM
		{4E72D6D5-B080-42EC-A8A7-9B67A531611C}.Ad-Hoc|ARM.Deploy.0 = Release|ARM
		{4E72D6D5-B080-42EC-A8A7-9B67A531611C}.Ad-Hoc|iPhone.ActiveCfg = Release|x86
		{4E72D6D5-B080-42EC-A8A7-9B67A531611C}.Ad-Hoc|iPhone.Build.0 = Release|x86
		{4E72D6D5-B080-42EC-A8A7-9B67A531611C}.Ad-Hoc|iPhone.Deploy.0 = Release|x86
		{4E72D6D5-B080-42EC-A8A7-9B67A531611C}.Ad-Hoc|iPhoneSimulator.ActiveCfg = Release|x86
		{4E72D6D5-B080-42EC-A8A7-9B67A531611C}.Ad-Hoc|iPhoneSimulator.Build.0 = Release|x86
		{4E72D6D5-B080-42EC-A8A7-9B67A531611C}.Ad-Hoc|iPhoneSimulator.Deploy.0 = Release|x86
		{4E72D6D5-B080-42EC-A8A7-9B67A531611C}.Ad-Hoc|x64.ActiveCfg = Release|x64
		{4E72D6D5-B080-42EC-A8A7-9B67A531611C}.Ad-Hoc|x64.Build.0 = Release|x64
		{4E72D6D5-B080-42EC-A8A7-9B67A531611C}.Ad-Hoc|x64.Deploy.0 = Release|x64
		{4E72D6D5-B080-42EC-A8A7-9B67A531611C}.Ad-Hoc|x86.ActiveCfg = Release|x86
		{4E72D6D5-B080-42EC-A8A7-9B67A531611C}.Ad-Hoc|x86.Build.0 = Release|x86
		{4E72D6D5-B080-42EC-A8A7-9B67A531611C}.Ad-Hoc|x86.Deploy.0 = Release|x86
		{4E72D6D5-B080-42EC-A8A7-9B67A531611C}.AppStore|Any CPU.ActiveCfg = Release|x86
		{4E72D6D5-B080-42EC-A8A7-9B67A531611C}.AppStore|Any CPU.Build.0 = Release|x86
		{4E72D6D5-B080-42EC-A8A7-9B67A531611C}.AppStore|Any CPU.Deploy.0 = Release|x86
		{4E72D6D5-B080-42EC-A8A7-9B67A531611C}.AppStore|ARM.ActiveCfg = Release|ARM
		{4E72D6D5-B080-42EC-A8A7-9B67A531611C}.AppStore|ARM.Build.0 = Release|ARM
		{4E72D6D5-B080-42EC-A8A7-9B67A531611C}.AppStore|ARM.Deploy.0 = Release|ARM
		{4E72D6D5-B080-42EC-A8A7-9B67A531611C}.AppStore|iPhone.ActiveCfg = Release|x86
		{4E72D6D5-B080-42EC-A8A7-9B67A531611C}.AppStore|iPhone.Build.0 = Release|x86
		{4E72D6D5-B080-42EC-A8A7-9B67A531611C}.AppStore|iPhone.Deploy.0 = Release|x86
		{4E72D6D5-B080-42EC-A8A7-9B67A531611C}.AppStore|iPhoneSimulator.ActiveCfg = Release|x86
		{4E72D6D5-B080-42EC-A8A7-9B67A531611C}.AppStore|iPhoneSimulator.Build.0 = Release|x86
		{4E72D6D5-B080-42EC-A8A7-9B67A531611C}.AppStore|iPhoneSimulator.Deploy.0 = Release|x86
		{4E72D6D5-B080-42EC-A8A7-9B67A531611C}.AppStore|x64.ActiveCfg = Release|x64
		{4E72D6D5-B080-42EC-A8A7-9B67A531611C}.AppStore|x64.Build.0 = Release|x64
		{4E72D6D5-B080-42EC-A8A7-9B67A531611C}.AppStore|x64.Deploy.0 = Release|x64
		{4E72D6D5-B080-42EC-A8A7-9B67A531611C}.AppStore|x86.ActiveCfg = Release|x86
		{4E72D6D5-B080-42EC-A8A7-9B67A531611C}.AppStore|x86.Build.0 = Release|x86
		{4E72D6D5-B080-42EC-A8A7-9B67A531611C}.AppStore|x86.Deploy.0 = Release|x86
		{4E72D6D5-B080-42EC-A8A7-9B67A531611C}.Debug|Any CPU.ActiveCfg = Debug|x86
		{4E72D6D5-B080-42EC-A8A7-9B67A531611C}.Debug|Any CPU.Build.0 = Debug|x86
		{4E72D6D5-B080-42EC-A8A7-9B67A531611C}.Debug|Any CPU.Deploy.0 = Debug|x86
		{4E72D6D5-B080-42EC-A8A7-9B67A531611C}.Debug|ARM.ActiveCfg = Debug|ARM
		{4E72D6D5-B080-42EC-A8A7-9B67A531611C}.Debug|ARM.Build.0 = Debug|ARM
		{4E72D6D5-B080-42EC-A8A7-9B67A531611C}.Debug|ARM.Deploy.0 = Debug|ARM
		{4E72D6D5-B080-42EC-A8A7-9B67A531611C}.Debug|iPhone.ActiveCfg = Debug|x86
		{4E72D6D5-B080-42EC-A8A7-9B67A531611C}.Debug|iPhone.Build.0 = Debug|x86
		{4E72D6D5-B080-42EC-A8A7-9B67A531611C}.Debug|iPhone.Deploy.0 = Debug|x86
		{4E72D6D5-B080-42EC-A8A7-9B67A531611C}.Debug|iPhoneSimulator.ActiveCfg = Debug|x86
		{4E72D6D5-B080-42EC-A8A7-9B67A531611C}.Debug|iPhoneSimulator.Build.0 = Debug|x86
		{4E72D6D5-B080-42EC-A8A7-9B67A531611C}.Debug|iPhoneSimulator.Deploy.0 = Debug|x86
		{4E72D6D5-B080-42EC-A8A7-9B67A531611C}.Debug|x64.ActiveCfg = Debug|x64
		{4E72D6D5-B080-42EC-A8A7-9B67A531611C}.Debug|x64.Build.0 = Debug|x64
		{4E72D6D5-B080-42EC-A8A7-9B67A531611C}.Debug|x64.Deploy.0 = Debug|x64
		{4E72D6D5-B080-42EC-A8A7-9B67A531611C}.Debug|x86.ActiveCfg = Debug|x86
		{4E72D6D5-B080-42EC-A8A7-9B67A531611C}.Debug|x86.Build.0 = Debug|x86
		{4E72D6D5-B080-42EC-A8A7-9B67A531611C}.Debug|x86.Deploy.0 = Debug|x86
		{4E72D6D5-B080-42EC-A8A7-9B67A531611C}.Release|Any CPU.ActiveCfg = Release|x86
		{4E72D6D5-B080-42EC-A8A7-9B67A531611C}.Release|Any CPU.Build.0 = Release|x86
		{4E72D6D5-B080-42EC-A8A7-9B67A531611C}.Release|Any CPU.Deploy.0 = Release|x86
		{4E72D6D5-B080-42EC-A8A7-9B67A531611C}.Release|ARM.ActiveCfg = Release|ARM
		{4E72D6D5-B080-42EC-A8A7-9B67A531611C}.Release|ARM.Build.0 = Release|ARM
		{4E72D6D5-B080-42EC-A8A7-9B67A531611C}.Release|ARM.Deploy.0 = Release|ARM
		{4E72D6D5-B080-42EC-A8A7-9B67A531611C}.Release|iPhone.ActiveCfg = Release|x86
		{4E72D6D5-B080-42EC-A8A7-9B67A531611C}.Release|iPhone.Build.0 = Release|x86
		{4E72D6D5-B080-42EC-A8A7-9B67A531611C}.Release|iPhone.Deploy.0 = Release|x86
		{4E72D6D5-B080-42EC-A8A7-9B67A531611C}.Release|iPhoneSimulator.ActiveCfg = Release|x86
		{4E72D6D5-B080-42EC-A8A7-9B67A531611C}.Release|iPhoneSimulator.Build.0 = Release|x86
		{4E72D6D5-B080-42EC-A8A7-9B67A531611C}.Release|iPhoneSimulator.Deploy.0 = Release|x86
		{4E72D6D5-B080-42EC-A8A7-9B67A531611C}.Release|x64.ActiveCfg = Release|x64
		{4E72D6D5-B080-42EC-A8A7-9B67A531611C}.Release|x64.Build.0 = Release|x64
		{4E72D6D5-B080-42EC-A8A7-9B67A531611C}.Release|x64.Deploy.0 = Release|x64
		{4E72D6D5-B080-42EC-A8A7-9B67A531611C}.Release|x86.ActiveCfg = Release|x86
		{4E72D6D5-B080-42EC-A8A7-9B67A531611C}.Release|x86.Build.0 = Release|x86
		{4E72D6D5-B080-42EC-A8A7-9B67A531611C}.Release|x86.Deploy.0 = Release|x86
		{4FFF1064-5B70-436F-95EB-58136635C8E8}.Ad-Hoc|Any CPU.ActiveCfg = Debug|Any CPU
		{4FFF1064-5B70-436F-95EB-58136635C8E8}.Ad-Hoc|Any CPU.Build.0 = Debug|Any CPU
		{4FFF1064-5B70-436F-95EB-58136635C8E8}.Ad-Hoc|Any CPU.Deploy.0 = Debug|Any CPU
		{4FFF1064-5B70-436F-95EB-58136635C8E8}.Ad-Hoc|ARM.ActiveCfg = Debug|Any CPU
		{4FFF1064-5B70-436F-95EB-58136635C8E8}.Ad-Hoc|ARM.Build.0 = Debug|Any CPU
		{4FFF1064-5B70-436F-95EB-58136635C8E8}.Ad-Hoc|ARM.Deploy.0 = Debug|Any CPU
		{4FFF1064-5B70-436F-95EB-58136635C8E8}.Ad-Hoc|iPhone.ActiveCfg = Debug|Any CPU
		{4FFF1064-5B70-436F-95EB-58136635C8E8}.Ad-Hoc|iPhone.Build.0 = Debug|Any CPU
		{4FFF1064-5B70-436F-95EB-58136635C8E8}.Ad-Hoc|iPhone.Deploy.0 = Debug|Any CPU
		{4FFF1064-5B70-436F-95EB-58136635C8E8}.Ad-Hoc|iPhoneSimulator.ActiveCfg = Debug|Any CPU
		{4FFF1064-5B70-436F-95EB-58136635C8E8}.Ad-Hoc|iPhoneSimulator.Build.0 = Debug|Any CPU
		{4FFF1064-5B70-436F-95EB-58136635C8E8}.Ad-Hoc|iPhoneSimulator.Deploy.0 = Debug|Any CPU
		{4FFF1064-5B70-436F-95EB-58136635C8E8}.Ad-Hoc|x64.ActiveCfg = Debug|Any CPU
		{4FFF1064-5B70-436F-95EB-58136635C8E8}.Ad-Hoc|x64.Build.0 = Debug|Any CPU
		{4FFF1064-5B70-436F-95EB-58136635C8E8}.Ad-Hoc|x64.Deploy.0 = Debug|Any CPU
		{4FFF1064-5B70-436F-95EB-58136635C8E8}.Ad-Hoc|x86.ActiveCfg = Debug|Any CPU
		{4FFF1064-5B70-436F-95EB-58136635C8E8}.Ad-Hoc|x86.Build.0 = Debug|Any CPU
		{4FFF1064-5B70-436F-95EB-58136635C8E8}.Ad-Hoc|x86.Deploy.0 = Debug|Any CPU
		{4FFF1064-5B70-436F-95EB-58136635C8E8}.AppStore|Any CPU.ActiveCfg = Debug|Any CPU
		{4FFF1064-5B70-436F-95EB-58136635C8E8}.AppStore|Any CPU.Build.0 = Debug|Any CPU
		{4FFF1064-5B70-436F-95EB-58136635C8E8}.AppStore|Any CPU.Deploy.0 = Debug|Any CPU
		{4FFF1064-5B70-436F-95EB-58136635C8E8}.AppStore|ARM.ActiveCfg = Debug|Any CPU
		{4FFF1064-5B70-436F-95EB-58136635C8E8}.AppStore|ARM.Build.0 = Debug|Any CPU
		{4FFF1064-5B70-436F-95EB-58136635C8E8}.AppStore|ARM.Deploy.0 = Debug|Any CPU
		{4FFF1064-5B70-436F-95EB-58136635C8E8}.AppStore|iPhone.ActiveCfg = Debug|Any CPU
		{4FFF1064-5B70-436F-95EB-58136635C8E8}.AppStore|iPhone.Build.0 = Debug|Any CPU
		{4FFF1064-5B70-436F-95EB-58136635C8E8}.AppStore|iPhone.Deploy.0 = Debug|Any CPU
		{4FFF1064-5B70-436F-95EB-58136635C8E8}.AppStore|iPhoneSimulator.ActiveCfg = Debug|Any CPU
		{4FFF1064-5B70-436F-95EB-58136635C8E8}.AppStore|iPhoneSimulator.Build.0 = Debug|Any CPU
		{4FFF1064-5B70-436F-95EB-58136635C8E8}.AppStore|iPhoneSimulator.Deploy.0 = Debug|Any CPU
		{4FFF1064-5B70-436F-95EB-58136635C8E8}.AppStore|x64.ActiveCfg = Debug|Any CPU
		{4FFF1064-5B70-436F-95EB-58136635C8E8}.AppStore|x64.Build.0 = Debug|Any CPU
		{4FFF1064-5B70-436F-95EB-58136635C8E8}.AppStore|x64.Deploy.0 = Debug|Any CPU
		{4FFF1064-5B70-436F-95EB-58136635C8E8}.AppStore|x86.ActiveCfg = Debug|Any CPU
		{4FFF1064-5B70-436F-95EB-58136635C8E8}.AppStore|x86.Build.0 = Debug|Any CPU
		{4FFF1064-5B70-436F-95EB-58136635C8E8}.AppStore|x86.Deploy.0 = Debug|Any CPU
		{4FFF1064-5B70-436F-95EB-58136635C8E8}.Debug|Any CPU.ActiveCfg = Debug|Any CPU
		{4FFF1064-5B70-436F-95EB-58136635C8E8}.Debug|Any CPU.Build.0 = Debug|Any CPU
		{4FFF1064-5B70-436F-95EB-58136635C8E8}.Debug|Any CPU.Deploy.0 = Debug|Any CPU
		{4FFF1064-5B70-436F-95EB-58136635C8E8}.Debug|ARM.ActiveCfg = Debug|Any CPU
		{4FFF1064-5B70-436F-95EB-58136635C8E8}.Debug|ARM.Build.0 = Debug|Any CPU
		{4FFF1064-5B70-436F-95EB-58136635C8E8}.Debug|ARM.Deploy.0 = Debug|Any CPU
		{4FFF1064-5B70-436F-95EB-58136635C8E8}.Debug|iPhone.ActiveCfg = Debug|Any CPU
		{4FFF1064-5B70-436F-95EB-58136635C8E8}.Debug|iPhone.Build.0 = Debug|Any CPU
		{4FFF1064-5B70-436F-95EB-58136635C8E8}.Debug|iPhone.Deploy.0 = Debug|Any CPU
		{4FFF1064-5B70-436F-95EB-58136635C8E8}.Debug|iPhoneSimulator.ActiveCfg = Debug|Any CPU
		{4FFF1064-5B70-436F-95EB-58136635C8E8}.Debug|iPhoneSimulator.Build.0 = Debug|Any CPU
		{4FFF1064-5B70-436F-95EB-58136635C8E8}.Debug|iPhoneSimulator.Deploy.0 = Debug|Any CPU
		{4FFF1064-5B70-436F-95EB-58136635C8E8}.Debug|x64.ActiveCfg = Debug|Any CPU
		{4FFF1064-5B70-436F-95EB-58136635C8E8}.Debug|x64.Build.0 = Debug|Any CPU
		{4FFF1064-5B70-436F-95EB-58136635C8E8}.Debug|x64.Deploy.0 = Debug|Any CPU
		{4FFF1064-5B70-436F-95EB-58136635C8E8}.Debug|x86.ActiveCfg = Debug|Any CPU
		{4FFF1064-5B70-436F-95EB-58136635C8E8}.Debug|x86.Build.0 = Debug|Any CPU
		{4FFF1064-5B70-436F-95EB-58136635C8E8}.Debug|x86.Deploy.0 = Debug|Any CPU
		{4FFF1064-5B70-436F-95EB-58136635C8E8}.Release|Any CPU.ActiveCfg = Release|Any CPU
		{4FFF1064-5B70-436F-95EB-58136635C8E8}.Release|Any CPU.Build.0 = Release|Any CPU
		{4FFF1064-5B70-436F-95EB-58136635C8E8}.Release|Any CPU.Deploy.0 = Release|Any CPU
		{4FFF1064-5B70-436F-95EB-58136635C8E8}.Release|ARM.ActiveCfg = Release|Any CPU
		{4FFF1064-5B70-436F-95EB-58136635C8E8}.Release|ARM.Build.0 = Release|Any CPU
		{4FFF1064-5B70-436F-95EB-58136635C8E8}.Release|ARM.Deploy.0 = Release|Any CPU
		{4FFF1064-5B70-436F-95EB-58136635C8E8}.Release|iPhone.ActiveCfg = Release|Any CPU
		{4FFF1064-5B70-436F-95EB-58136635C8E8}.Release|iPhone.Build.0 = Release|Any CPU
		{4FFF1064-5B70-436F-95EB-58136635C8E8}.Release|iPhone.Deploy.0 = Release|Any CPU
		{4FFF1064-5B70-436F-95EB-58136635C8E8}.Release|iPhoneSimulator.ActiveCfg = Release|Any CPU
		{4FFF1064-5B70-436F-95EB-58136635C8E8}.Release|iPhoneSimulator.Build.0 = Release|Any CPU
		{4FFF1064-5B70-436F-95EB-58136635C8E8}.Release|iPhoneSimulator.Deploy.0 = Release|Any CPU
		{4FFF1064-5B70-436F-95EB-58136635C8E8}.Release|x64.ActiveCfg = Release|Any CPU
		{4FFF1064-5B70-436F-95EB-58136635C8E8}.Release|x64.Build.0 = Release|Any CPU
		{4FFF1064-5B70-436F-95EB-58136635C8E8}.Release|x64.Deploy.0 = Release|Any CPU
		{4FFF1064-5B70-436F-95EB-58136635C8E8}.Release|x86.ActiveCfg = Release|Any CPU
		{4FFF1064-5B70-436F-95EB-58136635C8E8}.Release|x86.Build.0 = Release|Any CPU
		{4FFF1064-5B70-436F-95EB-58136635C8E8}.Release|x86.Deploy.0 = Release|Any CPU
	EndGlobalSection
	GlobalSection(SolutionProperties) = preSolution
		HideSolutionNode = FALSE
	EndGlobalSection
	GlobalSection(ExtensibilityGlobals) = postSolution
		SolutionGuid = {22F3212B-3CDF-4225-91D9-4211B6B3F8EB}
	EndGlobalSection
EndGlobal
